# THIS IS AN AUTOGENERATED FILE. DO NOT EDIT THIS FILE DIRECTLY.
# yarn lockfile v1


admin-on-rest@^1.3.3:
  version "1.3.3"
  resolved "https://registry.yarnpkg.com/admin-on-rest/-/admin-on-rest-1.3.3.tgz#7f152e144f5a1cce455cbcc307ea96efda547420"
  dependencies:
    babel-runtime "~6.26.0"
    inflection "~1.12.0"
    lodash.debounce "~4.0.8"
    lodash.defaultsdeep "~4.6.0"
    lodash.get "~4.4.2"
    lodash.isequal "~4.5.0"
    lodash.pickby "~4.6.0"
    lodash.set "~4.3.2"
    lodash.uniq "~4.5.0"
    material-ui "~0.19.0"
    material-ui-chip-input "~0.17.0"
    node-polyglot "2.2.2"
    prop-types "~15.5.7"
    query-string "~5.0.0"
    react-dropzone "~4.0.1"
    react-redux "~5.0.4"
    react-router "~4.1.0"
    react-router-dom "~4.1.0"
    react-router-redux "~5.0.0-alpha.6"
    recompose "~0.25.0"
    redux "~3.7.2"
    redux-form "~7.0.3"
    redux-saga "~0.15.0"
    reselect "~3.0.0"

asap@~2.0.3:
  version "2.0.6"
  resolved "https://registry.yarnpkg.com/asap/-/asap-2.0.6.tgz#e50347611d7e690943208bbdafebcbc2fb866d46"

attr-accept@^1.0.3:
  version "1.1.0"
  resolved "https://registry.yarnpkg.com/attr-accept/-/attr-accept-1.1.0.tgz#b5cd35227f163935a8f1de10ed3eba16941f6be6"

babel-runtime@^6.23.0, babel-runtime@^6.26.0, babel-runtime@~6.26.0:
  version "6.26.0"
  resolved "https://registry.yarnpkg.com/babel-runtime/-/babel-runtime-6.26.0.tgz#965c7058668e82b55d7bfe04ff2337bc8b5647fe"
  dependencies:
    core-js "^2.4.0"
    regenerator-runtime "^0.11.0"

bowser@^1.7.3:
  version "1.9.1"
  resolved "https://registry.yarnpkg.com/bowser/-/bowser-1.9.1.tgz#f86ef2132e8cb10b3eb6ea5af018758c587020db"

chain-function@^1.0.0:
  version "1.0.0"
  resolved "https://registry.yarnpkg.com/chain-function/-/chain-function-1.0.0.tgz#0d4ab37e7e18ead0bdc47b920764118ce58733dc"

change-emitter@^0.1.2:
  version "0.1.6"
  resolved "https://registry.yarnpkg.com/change-emitter/-/change-emitter-0.1.6.tgz#e8b2fe3d7f1ab7d69a32199aff91ea6931409515"

core-js@^1.0.0:
  version "1.2.7"
  resolved "https://registry.yarnpkg.com/core-js/-/core-js-1.2.7.tgz#652294c14651db28fa93bd2d5ff2983a4f08c636"

core-js@^2.4.0:
  version "2.5.3"
  resolved "https://registry.yarnpkg.com/core-js/-/core-js-2.5.3.tgz#8acc38345824f16d8365b7c9b4259168e8ed603e"

css-in-js-utils@^2.0.0:
  version "2.0.0"
  resolved "https://registry.yarnpkg.com/css-in-js-utils/-/css-in-js-utils-2.0.0.tgz#5af1dd70f4b06b331f48d22a3d86e0786c0b9435"
  dependencies:
    hyphenate-style-name "^1.0.2"

decode-uri-component@^0.2.0:
  version "0.2.0"
  resolved "https://registry.yarnpkg.com/decode-uri-component/-/decode-uri-component-0.2.0.tgz#eb3913333458775cb84cd1a1fae062106bb87545"

deep-equal@^1.0.1:
  version "1.0.1"
  resolved "https://registry.yarnpkg.com/deep-equal/-/deep-equal-1.0.1.tgz#f5d260292b660e084eff4cdbc9f08ad3247448b5"

define-properties@^1.1.2:
  version "1.1.2"
  resolved "https://registry.yarnpkg.com/define-properties/-/define-properties-1.1.2.tgz#83a73f2fea569898fb737193c8f873caf6d45c94"
  dependencies:
    foreach "^2.0.5"
    object-keys "^1.0.8"

dom-helpers@^3.2.0:
  version "3.3.1"
  resolved "https://registry.yarnpkg.com/dom-helpers/-/dom-helpers-3.3.1.tgz#fc1a4e15ffdf60ddde03a480a9c0fece821dd4a6"

encoding@^0.1.11:
  version "0.1.12"
  resolved "https://registry.yarnpkg.com/encoding/-/encoding-0.1.12.tgz#538b66f3ee62cd1ab51ec323829d1f9480c74beb"
  dependencies:
    iconv-lite "~0.4.13"

es-abstract@^1.5.0:
  version "1.10.0"
  resolved "https://registry.yarnpkg.com/es-abstract/-/es-abstract-1.10.0.tgz#1ecb36c197842a00d8ee4c2dfd8646bb97d60864"
  dependencies:
    es-to-primitive "^1.1.1"
    function-bind "^1.1.1"
    has "^1.0.1"
    is-callable "^1.1.3"
    is-regex "^1.0.4"

es-to-primitive@^1.1.1:
  version "1.1.1"
  resolved "https://registry.yarnpkg.com/es-to-primitive/-/es-to-primitive-1.1.1.tgz#45355248a88979034b6792e19bb81f2b7975dd0d"
  dependencies:
    is-callable "^1.1.1"
    is-date-object "^1.0.1"
    is-symbol "^1.0.1"

es6-error@^4.0.0:
  version "4.1.1"
  resolved "https://registry.yarnpkg.com/es6-error/-/es6-error-4.1.1.tgz#9e3af407459deed47e9a91f9b885a84eb05c561d"

fbjs@^0.8.1, fbjs@^0.8.16, fbjs@^0.8.9:
  version "0.8.16"
  resolved "https://registry.yarnpkg.com/fbjs/-/fbjs-0.8.16.tgz#5e67432f550dc41b572bf55847b8aca64e5337db"
  dependencies:
    core-js "^1.0.0"
    isomorphic-fetch "^2.1.1"
    loose-envify "^1.0.0"
    object-assign "^4.1.0"
    promise "^7.1.1"
    setimmediate "^1.0.5"
    ua-parser-js "^0.7.9"

for-each@^0.3.2:
  version "0.3.2"
  resolved "https://registry.yarnpkg.com/for-each/-/for-each-0.3.2.tgz#2c40450b9348e97f281322593ba96704b9abd4d4"
  dependencies:
    is-function "~1.0.0"

foreach@^2.0.5:
  version "2.0.5"
  resolved "https://registry.yarnpkg.com/foreach/-/foreach-2.0.5.tgz#0bee005018aeb260d0a3af3ae658dd0136ec1b99"

function-bind@^1.0.2, function-bind@^1.1.1:
  version "1.1.1"
  resolved "https://registry.yarnpkg.com/function-bind/-/function-bind-1.1.1.tgz#a56899d3ea3c9bab874bb9773b7c5ede92f4895d"

has@^1.0.1:
  version "1.0.1"
  resolved "https://registry.yarnpkg.com/has/-/has-1.0.1.tgz#8461733f538b0837c9361e39a9ab9e9704dc2f28"
  dependencies:
    function-bind "^1.0.2"

history@^4.5.1, history@^4.6.0, history@^4.7.2:
  version "4.7.2"
  resolved "https://registry.yarnpkg.com/history/-/history-4.7.2.tgz#22b5c7f31633c5b8021c7f4a8a954ac139ee8d5b"
  dependencies:
    invariant "^2.2.1"
    loose-envify "^1.2.0"
    resolve-pathname "^2.2.0"
    value-equal "^0.4.0"
    warning "^3.0.0"

hoist-non-react-statics@^1.2.0:
  version "1.2.0"
  resolved "https://registry.yarnpkg.com/hoist-non-react-statics/-/hoist-non-react-statics-1.2.0.tgz#aa448cf0986d55cc40773b17174b7dd066cb7cfb"

hoist-non-react-statics@^2.2.1, hoist-non-react-statics@^2.3.0, hoist-non-react-statics@^2.3.1:
  version "2.3.1"
  resolved "https://registry.yarnpkg.com/hoist-non-react-statics/-/hoist-non-react-statics-2.3.1.tgz#343db84c6018c650778898240135a1420ee22ce0"

hyphenate-style-name@^1.0.2:
  version "1.0.2"
  resolved "https://registry.yarnpkg.com/hyphenate-style-name/-/hyphenate-style-name-1.0.2.tgz#31160a36930adaf1fc04c6074f7eb41465d4ec4b"

iconv-lite@~0.4.13:
  version "0.4.19"
  resolved "https://registry.yarnpkg.com/iconv-lite/-/iconv-lite-0.4.19.tgz#f7468f60135f5e5dad3399c0a81be9a1603a082b"

inflection@~1.12.0:
  version "1.12.0"
  resolved "https://registry.yarnpkg.com/inflection/-/inflection-1.12.0.tgz#a200935656d6f5f6bc4dc7502e1aecb703228416"

inline-style-prefixer@^3.0.2:
  version "3.0.8"
  resolved "https://registry.yarnpkg.com/inline-style-prefixer/-/inline-style-prefixer-3.0.8.tgz#8551b8e5b4d573244e66a34b04f7d32076a2b534"
  dependencies:
    bowser "^1.7.3"
    css-in-js-utils "^2.0.0"

invariant@^2.0.0, invariant@^2.2.1, invariant@^2.2.2:
  version "2.2.2"
  resolved "https://registry.yarnpkg.com/invariant/-/invariant-2.2.2.tgz#9e1f56ac0acdb6bf303306f338be3b204ae60360"
  dependencies:
    loose-envify "^1.0.0"

is-callable@^1.1.1, is-callable@^1.1.3:
  version "1.1.3"
  resolved "https://registry.yarnpkg.com/is-callable/-/is-callable-1.1.3.tgz#86eb75392805ddc33af71c92a0eedf74ee7604b2"

is-date-object@^1.0.1:
  version "1.0.1"
  resolved "https://registry.yarnpkg.com/is-date-object/-/is-date-object-1.0.1.tgz#9aa20eb6aeebbff77fbd33e74ca01b33581d3a16"

is-function@~1.0.0:
  version "1.0.1"
  resolved "https://registry.yarnpkg.com/is-function/-/is-function-1.0.1.tgz#12cfb98b65b57dd3d193a3121f5f6e2f437602b5"

is-promise@^2.1.0:
  version "2.1.0"
  resolved "https://registry.yarnpkg.com/is-promise/-/is-promise-2.1.0.tgz#79a2a9ece7f096e80f36d2b2f3bc16c1ff4bf3fa"

is-regex@^1.0.4:
  version "1.0.4"
  resolved "https://registry.yarnpkg.com/is-regex/-/is-regex-1.0.4.tgz#5517489b547091b0930e095654ced25ee97e9491"
  dependencies:
    has "^1.0.1"

is-stream@^1.0.1:
  version "1.1.0"
  resolved "https://registry.yarnpkg.com/is-stream/-/is-stream-1.1.0.tgz#12d4a3dd4e68e0b79ceb8dbc84173ae80d91ca44"

is-symbol@^1.0.1:
  version "1.0.1"
  resolved "https://registry.yarnpkg.com/is-symbol/-/is-symbol-1.0.1.tgz#3cc59f00025194b6ab2e38dbae6689256b660572"

isarray@0.0.1:
  version "0.0.1"
  resolved "https://registry.yarnpkg.com/isarray/-/isarray-0.0.1.tgz#8a18acfca9a8f4177e09abfc6038939b05d1eedf"

isomorphic-fetch@^2.1.1:
  version "2.2.1"
  resolved "https://registry.yarnpkg.com/isomorphic-fetch/-/isomorphic-fetch-2.2.1.tgz#611ae1acf14f5e81f729507472819fe9733558a9"
  dependencies:
    node-fetch "^1.0.1"
    whatwg-fetch ">=0.10.0"

js-tokens@^3.0.0:
  version "3.0.2"
  resolved "https://registry.yarnpkg.com/js-tokens/-/js-tokens-3.0.2.tgz#9866df395102130e38f7f996bceb65443209c25b"

keycode@^2.1.8:
  version "2.1.9"
  resolved "https://registry.yarnpkg.com/keycode/-/keycode-2.1.9.tgz#964a23c54e4889405b4861a5c9f0480d45141dfa"

lodash-es@^4.17.3, lodash-es@^4.2.0, lodash-es@^4.2.1:
  version "4.17.4"
  resolved "https://registry.yarnpkg.com/lodash-es/-/lodash-es-4.17.4.tgz#dcc1d7552e150a0640073ba9cb31d70f032950e7"

lodash.debounce@~4.0.8:
  version "4.0.8"
  resolved "https://registry.yarnpkg.com/lodash.debounce/-/lodash.debounce-4.0.8.tgz#82d79bff30a67c4005ffd5e2515300ad9ca4d7af"

lodash.defaultsdeep@~4.6.0:
  version "4.6.0"
  resolved "https://registry.yarnpkg.com/lodash.defaultsdeep/-/lodash.defaultsdeep-4.6.0.tgz#bec1024f85b1bd96cbea405b23c14ad6443a6f81"

lodash.get@~4.4.2:
  version "4.4.2"
  resolved "https://registry.yarnpkg.com/lodash.get/-/lodash.get-4.4.2.tgz#2d177f652fa31e939b4438d5341499dfa3825e99"

lodash.isequal@~4.5.0:
  version "4.5.0"
  resolved "https://registry.yarnpkg.com/lodash.isequal/-/lodash.isequal-4.5.0.tgz#415c4478f2bcc30120c22ce10ed3226f7d3e18e0"

lodash.merge@^4.6.0:
  version "4.6.0"
  resolved "https://registry.yarnpkg.com/lodash.merge/-/lodash.merge-4.6.0.tgz#69884ba144ac33fe699737a6086deffadd0f89c5"

lodash.pickby@~4.6.0:
  version "4.6.0"
  resolved "https://registry.yarnpkg.com/lodash.pickby/-/lodash.pickby-4.6.0.tgz#7dea21d8c18d7703a27c704c15d3b84a67e33aff"

lodash.set@~4.3.2:
  version "4.3.2"
  resolved "https://registry.yarnpkg.com/lodash.set/-/lodash.set-4.3.2.tgz#d8757b1da807dde24816b0d6a84bea1a76230b23"

lodash.throttle@^4.1.1:
  version "4.1.1"
  resolved "https://registry.yarnpkg.com/lodash.throttle/-/lodash.throttle-4.1.1.tgz#c23e91b710242ac70c37f1e1cda9274cc39bf2f4"

lodash.uniq@~4.5.0:
  version "4.5.0"
  resolved "https://registry.yarnpkg.com/lodash.uniq/-/lodash.uniq-4.5.0.tgz#d0225373aeb652adc1bc82e4945339a842754773"

lodash@^4.17.3, lodash@^4.2.0, lodash@^4.2.1:
  version "4.17.4"
  resolved "https://registry.yarnpkg.com/lodash/-/lodash-4.17.4.tgz#78203a4d1c328ae1d86dca6460e369b57f4055ae"

loose-envify@^1.0.0, loose-envify@^1.1.0, loose-envify@^1.2.0, loose-envify@^1.3.1:
  version "1.3.1"
  resolved "https://registry.yarnpkg.com/loose-envify/-/loose-envify-1.3.1.tgz#d1a8ad33fa9ce0e713d65fdd0ac8b748d478c848"
  dependencies:
    js-tokens "^3.0.0"

material-ui-chip-input@~0.17.0:
  version "0.17.2"
  resolved "https://registry.yarnpkg.com/material-ui-chip-input/-/material-ui-chip-input-0.17.2.tgz#4d1c065cad8d9b96ad6b0b3d3fa916fc27b66da8"
  dependencies:
    prop-types "^15.5.7"

material-ui@~0.19.0:
  version "0.19.4"
  resolved "https://registry.yarnpkg.com/material-ui/-/material-ui-0.19.4.tgz#ca9cdca8aa8bb594dfac5db38ec9ff045a323587"
  dependencies:
    babel-runtime "^6.23.0"
    inline-style-prefixer "^3.0.2"
    keycode "^2.1.8"
    lodash.merge "^4.6.0"
    lodash.throttle "^4.1.1"
    prop-types "^15.5.7"
    react-event-listener "^0.5.1"
    react-transition-group "^1.2.1"
    recompose "^0.26.0"
    simple-assign "^0.1.0"
    warning "^3.0.0"

node-fetch@^1.0.1:
  version "1.7.3"
  resolved "https://registry.yarnpkg.com/node-fetch/-/node-fetch-1.7.3.tgz#980f6f72d85211a5347c6b2bc18c5b84c3eb47ef"
  dependencies:
    encoding "^0.1.11"
    is-stream "^1.0.1"

node-polyglot@2.2.2:
  version "2.2.2"
  resolved "https://registry.yarnpkg.com/node-polyglot/-/node-polyglot-2.2.2.tgz#1a3f76d7392f836ea0823836ede817e6ea6ec26c"
  dependencies:
    for-each "^0.3.2"
    has "^1.0.1"
    string.prototype.trim "^1.1.2"
    warning "^3.0.0"

object-assign@^4.1.0, object-assign@^4.1.1:
  version "4.1.1"
  resolved "https://registry.yarnpkg.com/object-assign/-/object-assign-4.1.1.tgz#2109adc7965887cfc05cbbd442cac8bfbb360863"

object-keys@^1.0.8:
  version "1.0.11"
  resolved "https://registry.yarnpkg.com/object-keys/-/object-keys-1.0.11.tgz#c54601778ad560f1142ce0e01bcca8b56d13426d"

path-to-regexp@^1.5.3, path-to-regexp@^1.7.0:
  version "1.7.0"
  resolved "https://registry.yarnpkg.com/path-to-regexp/-/path-to-regexp-1.7.0.tgz#59fde0f435badacba103a84e9d3bc64e96b9937d"
  dependencies:
    isarray "0.0.1"

promise@^7.1.1:
  version "7.3.1"
  resolved "https://registry.yarnpkg.com/promise/-/promise-7.3.1.tgz#064b72602b18f90f29192b8b1bc418ffd1ebd3bf"
  dependencies:
    asap "~2.0.3"

prop-types@^15.5.10, prop-types@^15.5.4, prop-types@^15.5.6, prop-types@^15.5.7, prop-types@^15.5.9, prop-types@^15.6.0:
  version "15.6.0"
  resolved "https://registry.yarnpkg.com/prop-types/-/prop-types-15.6.0.tgz#ceaf083022fc46b4a35f69e13ef75aed0d639856"
  dependencies:
    fbjs "^0.8.16"
    loose-envify "^1.3.1"
    object-assign "^4.1.1"

prop-types@~15.5.7:
  version "15.5.10"
  resolved "https://registry.yarnpkg.com/prop-types/-/prop-types-15.5.10.tgz#2797dfc3126182e3a95e3dfbb2e893ddd7456154"
  dependencies:
    fbjs "^0.8.9"
    loose-envify "^1.3.1"

query-string@~5.0.0:
  version "5.0.1"
  resolved "https://registry.yarnpkg.com/query-string/-/query-string-5.0.1.tgz#6e2b86fe0e08aef682ecbe86e85834765402bd88"
  dependencies:
    decode-uri-component "^0.2.0"
    object-assign "^4.1.0"
    strict-uri-encode "^1.0.0"

react-dropzone@~4.0.1:
  version "4.0.1"
  resolved "https://registry.yarnpkg.com/react-dropzone/-/react-dropzone-4.0.1.tgz#4d71d6f0fc5d7ac8a50dfa46582c96fe35ae3ca4"
  dependencies:
    attr-accept "^1.0.3"
    prop-types "^15.5.7"

react-event-listener@^0.5.1:
  version "0.5.3"
  resolved "https://registry.yarnpkg.com/react-event-listener/-/react-event-listener-0.5.3.tgz#a8b492596ad601865314fcc2c18cb87b6ce3876e"
  dependencies:
    babel-runtime "^6.26.0"
    fbjs "^0.8.16"
    prop-types "^15.6.0"
    warning "^3.0.0"

react-redux@~5.0.4:
  version "5.0.6"
  resolved "https://registry.yarnpkg.com/react-redux/-/react-redux-5.0.6.tgz#23ed3a4f986359d68b5212eaaa681e60d6574946"
  dependencies:
    hoist-non-react-statics "^2.2.1"
    invariant "^2.0.0"
    lodash "^4.2.0"
    lodash-es "^4.2.0"
    loose-envify "^1.1.0"
    prop-types "^15.5.10"

react-router-dom@~4.1.0:
  version "4.1.2"
  resolved "https://registry.yarnpkg.com/react-router-dom/-/react-router-dom-4.1.2.tgz#7f8a7ca868d32acadd19ca09543b40d26df8ec37"
  dependencies:
    history "^4.5.1"
    loose-envify "^1.3.1"
    prop-types "^15.5.4"
    react-router "^4.1.1"

react-router-redux@~5.0.0-alpha.6:
  version "5.0.0-alpha.9"
  resolved "https://registry.yarnpkg.com/react-router-redux/-/react-router-redux-5.0.0-alpha.9.tgz#825431516e0e6f1fd93b8807f6bd595e23ec3d10"
  dependencies:
    history "^4.7.2"
    prop-types "^15.6.0"
    react-router "^4.2.0"

react-router@^4.1.1, react-router@^4.2.0:
  version "4.2.0"
  resolved "https://registry.yarnpkg.com/react-router/-/react-router-4.2.0.tgz#61f7b3e3770daeb24062dae3eedef1b054155986"
  dependencies:
    history "^4.7.2"
    hoist-non-react-statics "^2.3.0"
    invariant "^2.2.2"
    loose-envify "^1.3.1"
    path-to-regexp "^1.7.0"
    prop-types "^15.5.4"
    warning "^3.0.0"

react-router@~4.1.0:
  version "4.1.2"
  resolved "https://registry.yarnpkg.com/react-router/-/react-router-4.1.2.tgz#7ae027341abc42eb08ad9f7a8cac08d0563672ce"
  dependencies:
    history "^4.6.0"
    hoist-non-react-statics "^1.2.0"
    invariant "^2.2.2"
    loose-envify "^1.3.1"
    path-to-regexp "^1.5.3"
    prop-types "^15.5.4"
    warning "^3.0.0"

react-transition-group@^1.2.1:
  version "1.2.1"
  resolved "https://registry.yarnpkg.com/react-transition-group/-/react-transition-group-1.2.1.tgz#e11f72b257f921b213229a774df46612346c7ca6"
  dependencies:
    chain-function "^1.0.0"
    dom-helpers "^3.2.0"
    loose-envify "^1.3.1"
    prop-types "^15.5.6"
    warning "^3.0.0"

recompose@^0.26.0:
  version "0.26.0"
  resolved "https://registry.yarnpkg.com/recompose/-/recompose-0.26.0.tgz#9babff039cb72ba5bd17366d55d7232fbdfb2d30"
  dependencies:
    change-emitter "^0.1.2"
    fbjs "^0.8.1"
    hoist-non-react-statics "^2.3.1"
    symbol-observable "^1.0.4"

recompose@~0.25.0:
  version "0.25.1"
  resolved "https://registry.yarnpkg.com/recompose/-/recompose-0.25.1.tgz#5eb9d6cf6e25a9ffad73cbbae5658b5b55d6e728"
  dependencies:
    change-emitter "^0.1.2"
    fbjs "^0.8.1"
    hoist-non-react-statics "^2.3.1"
    symbol-observable "^1.0.4"

redux-form@~7.0.3:
  version "7.0.4"
  resolved "https://registry.yarnpkg.com/redux-form/-/redux-form-7.0.4.tgz#2297b6bed40fda8bb58132e261ba0976fb4e530c"
  dependencies:
    deep-equal "^1.0.1"
    es6-error "^4.0.0"
    hoist-non-react-statics "^2.2.1"
    invariant "^2.2.2"
    is-promise "^2.1.0"
    lodash "^4.17.3"
    lodash-es "^4.17.3"
    prop-types "^15.5.9"

redux-saga@~0.15.0:
  version "0.15.6"
  resolved "https://registry.yarnpkg.com/redux-saga/-/redux-saga-0.15.6.tgz#8638dc522de6c6c0a496fe8b2b5466287ac2dc4d"

redux@~3.7.2:
  version "3.7.2"
  resolved "https://registry.yarnpkg.com/redux/-/redux-3.7.2.tgz#06b73123215901d25d065be342eb026bc1c8537b"
  dependencies:
    lodash "^4.2.1"
    lodash-es "^4.2.1"
    loose-envify "^1.1.0"
    symbol-observable "^1.0.3"

regenerator-runtime@^0.11.0:
  version "0.11.1"
  resolved "https://registry.yarnpkg.com/regenerator-runtime/-/regenerator-runtime-0.11.1.tgz#be05ad7f9bf7d22e056f9726cee5017fbf19e2e9"

reselect@~3.0.0:
  version "3.0.1"
  resolved "https://registry.yarnpkg.com/reselect/-/reselect-3.0.1.tgz#efdaa98ea7451324d092b2b2163a6a1d7a9a2147"

resolve-pathname@^2.2.0:
  version "2.2.0"
  resolved "https://registry.yarnpkg.com/resolve-pathname/-/resolve-pathname-2.2.0.tgz#7e9ae21ed815fd63ab189adeee64dc831eefa879"

setimmediate@^1.0.5:
  version "1.0.5"
  resolved "https://registry.yarnpkg.com/setimmediate/-/setimmediate-1.0.5.tgz#290cbb232e306942d7d7ea9b83732ab7856f8285"

simple-assign@^0.1.0:
  version "0.1.0"
  resolved "https://registry.yarnpkg.com/simple-assign/-/simple-assign-0.1.0.tgz#17fd3066a5f3d7738f50321bb0f14ca281cc4baa"

strict-uri-encode@^1.0.0:
  version "1.1.0"
  resolved "https://registry.yarnpkg.com/strict-uri-encode/-/strict-uri-encode-1.1.0.tgz#279b225df1d582b1f54e65addd4352e18faa0713"

string.prototype.trim@^1.1.2:
  version "1.1.2"
  resolved "https://registry.yarnpkg.com/string.prototype.trim/-/string.prototype.trim-1.1.2.tgz#d04de2c89e137f4d7d206f086b5ed2fae6be8cea"
  dependencies:
    define-properties "^1.1.2"
    es-abstract "^1.5.0"
    function-bind "^1.0.2"

symbol-observable@^1.0.3, symbol-observable@^1.0.4:
  version "1.1.0"
  resolved "https://registry.yarnpkg.com/symbol-observable/-/symbol-observable-1.1.0.tgz#5c68fd8d54115d9dfb72a84720549222e8db9b32"

ua-parser-js@^0.7.9:
  version "0.7.17"
  resolved "https://registry.yarnpkg.com/ua-parser-js/-/ua-parser-js-0.7.17.tgz#e9ec5f9498b9ec910e7ae3ac626a805c4d09ecac"

value-equal@^0.4.0:
  version "0.4.0"
  resolved "https://registry.yarnpkg.com/value-equal/-/value-equal-0.4.0.tgz#c5bdd2f54ee093c04839d71ce2e4758a6890abc7"

warning@^3.0.0:
  version "3.0.0"
  resolved "https://registry.yarnpkg.com/warning/-/warning-3.0.0.tgz#32e5377cb572de4ab04753bdf8821c01ed605b7c"
  dependencies:
    loose-envify "^1.0.0"

whatwg-fetch@>=0.10.0:
  version "2.0.3"
  resolved "https://registry.yarnpkg.com/whatwg-fetch/-/whatwg-fetch-2.0.3.tgz#9c84ec2dcf68187ff00bc64e1274b442176e1c84"
